// !$*UTF8*$!
{
	archiveVersion = 1;
	classes = {
	};
	objectVersion = 51;
	objects = {

/* Begin PBXBuildFile section */
		0B82FD1DAB92EB52FAB79FD1 /* Pods_TheMovieApp.framework in Frameworks */ = {isa = PBXBuildFile; fileRef = 7F3A0EBA839A30079EE18DCC /* Pods_TheMovieApp.framework */; };
		55E57D7F267BA685004A1808 /* MovieDetailViewController.swift in Sources */ = {isa = PBXBuildFile; fileRef = 55E57D7E267BA685004A1808 /* MovieDetailViewController.swift */; };
		55E57D81267BFA7C004A1808 /* VideosCollectionViewCell.swift in Sources */ = {isa = PBXBuildFile; fileRef = 55E57D80267BFA7C004A1808 /* VideosCollectionViewCell.swift */; };
		55FB9053267A9DF0008EF444 /* AppDelegate.swift in Sources */ = {isa = PBXBuildFile; fileRef = 55FB9052267A9DF0008EF444 /* AppDelegate.swift */; };
		55FB9055267A9DF0008EF444 /* SceneDelegate.swift in Sources */ = {isa = PBXBuildFile; fileRef = 55FB9054267A9DF0008EF444 /* SceneDelegate.swift */; };
		55FB9057267A9DF0008EF444 /* ViewController.swift in Sources */ = {isa = PBXBuildFile; fileRef = 55FB9056267A9DF0008EF444 /* ViewController.swift */; };
		55FB905A267A9DF0008EF444 /* Main.storyboard in Resources */ = {isa = PBXBuildFile; fileRef = 55FB9058267A9DF0008EF444 /* Main.storyboard */; };
		55FB905C267A9DF1008EF444 /* Assets.xcassets in Resources */ = {isa = PBXBuildFile; fileRef = 55FB905B267A9DF1008EF444 /* Assets.xcassets */; };
		55FB905F267A9DF1008EF444 /* LaunchScreen.storyboard in Resources */ = {isa = PBXBuildFile; fileRef = 55FB905D267A9DF1008EF444 /* LaunchScreen.storyboard */; };
		55FB906B267A9E57008EF444 /* MostPopularDataModel.swift in Sources */ = {isa = PBXBuildFile; fileRef = 55FB906A267A9E57008EF444 /* MostPopularDataModel.swift */; };
		55FB906D267A9F8D008EF444 /* MostPopularMovieService.swift in Sources */ = {isa = PBXBuildFile; fileRef = 55FB906C267A9F8D008EF444 /* MostPopularMovieService.swift */; };
		55FB9070267A9FAE008EF444 /* Constants.swift in Sources */ = {isa = PBXBuildFile; fileRef = 55FB906F267A9FAE008EF444 /* Constants.swift */; };
		55FB9077267AA1E2008EF444 /* MostPopularMovieViewController.swift in Sources */ = {isa = PBXBuildFile; fileRef = 55FB9076267AA1E2008EF444 /* MostPopularMovieViewController.swift */; };
		55FB9079267AA38B008EF444 /* MostPopularCollectionViewCell.swift in Sources */ = {isa = PBXBuildFile; fileRef = 55FB9078267AA38B008EF444 /* MostPopularCollectionViewCell.swift */; };
		55FB907C267AA736008EF444 /* MostPopularMovieCollectionViewProvider.swift in Sources */ = {isa = PBXBuildFile; fileRef = 55FB907B267AA736008EF444 /* MostPopularMovieCollectionViewProvider.swift */; };
		55FB907E267AA8B7008EF444 /* MostPopularMovieViewModel.swift in Sources */ = {isa = PBXBuildFile; fileRef = 55FB907D267AA8B7008EF444 /* MostPopularMovieViewModel.swift */; };
/* End PBXBuildFile section */

/* Begin PBXFileReference section */
		05C653D652E5D350501907E1 /* Pods-TheMovieApp.release.xcconfig */ = {isa = PBXFileReference; includeInIndex = 1; lastKnownFileType = text.xcconfig; name = "Pods-TheMovieApp.release.xcconfig"; path = "Target Support Files/Pods-TheMovieApp/Pods-TheMovieApp.release.xcconfig"; sourceTree = "<group>"; };
		55E57D7E267BA685004A1808 /* MovieDetailViewController.swift */ = {isa = PBXFileReference; lastKnownFileType = sourcecode.swift; path = MovieDetailViewController.swift; sourceTree = "<group>"; };
		55E57D80267BFA7C004A1808 /* VideosCollectionViewCell.swift */ = {isa = PBXFileReference; lastKnownFileType = sourcecode.swift; path = VideosCollectionViewCell.swift; sourceTree = "<group>"; };
		55FB904F267A9DF0008EF444 /* TheMovieApp.app */ = {isa = PBXFileReference; explicitFileType = wrapper.application; includeInIndex = 0; path = TheMovieApp.app; sourceTree = BUILT_PRODUCTS_DIR; };
		55FB9052267A9DF0008EF444 /* AppDelegate.swift */ = {isa = PBXFileReference; lastKnownFileType = sourcecode.swift; path = AppDelegate.swift; sourceTree = "<group>"; };
		55FB9054267A9DF0008EF444 /* SceneDelegate.swift */ = {isa = PBXFileReference; lastKnownFileType = sourcecode.swift; path = SceneDelegate.swift; sourceTree = "<group>"; };
		55FB9056267A9DF0008EF444 /* ViewController.swift */ = {isa = PBXFileReference; lastKnownFileType = sourcecode.swift; path = ViewController.swift; sourceTree = "<group>"; };
		55FB9059267A9DF0008EF444 /* Base */ = {isa = PBXFileReference; lastKnownFileType = file.storyboard; name = Base; path = Base.lproj/Main.storyboard; sourceTree = "<group>"; };
		55FB905B267A9DF1008EF444 /* Assets.xcassets */ = {isa = PBXFileReference; lastKnownFileType = folder.assetcatalog; path = Assets.xcassets; sourceTree = "<group>"; };
		55FB905E267A9DF1008EF444 /* Base */ = {isa = PBXFileReference; lastKnownFileType = file.storyboard; name = Base; path = Base.lproj/LaunchScreen.storyboard; sourceTree = "<group>"; };
		55FB9060267A9DF1008EF444 /* Info.plist */ = {isa = PBXFileReference; lastKnownFileType = text.plist.xml; path = Info.plist; sourceTree = "<group>"; };
		55FB906A267A9E57008EF444 /* MostPopularDataModel.swift */ = {isa = PBXFileReference; lastKnownFileType = sourcecode.swift; path = MostPopularDataModel.swift; sourceTree = "<group>"; };
		55FB906C267A9F8D008EF444 /* MostPopularMovieService.swift */ = {isa = PBXFileReference; lastKnownFileType = sourcecode.swift; path = MostPopularMovieService.swift; sourceTree = "<group>"; };
		55FB906F267A9FAE008EF444 /* Constants.swift */ = {isa = PBXFileReference; lastKnownFileType = sourcecode.swift; path = Constants.swift; sourceTree = "<group>"; };
		55FB9076267AA1E2008EF444 /* MostPopularMovieViewController.swift */ = {isa = PBXFileReference; lastKnownFileType = sourcecode.swift; path = MostPopularMovieViewController.swift; sourceTree = "<group>"; };
		55FB9078267AA38B008EF444 /* MostPopularCollectionViewCell.swift */ = {isa = PBXFileReference; lastKnownFileType = sourcecode.swift; path = MostPopularCollectionViewCell.swift; sourceTree = "<group>"; };
		55FB907B267AA736008EF444 /* MostPopularMovieCollectionViewProvider.swift */ = {isa = PBXFileReference; lastKnownFileType = sourcecode.swift; path = MostPopularMovieCollectionViewProvider.swift; sourceTree = "<group>"; };
		55FB907D267AA8B7008EF444 /* MostPopularMovieViewModel.swift */ = {isa = PBXFileReference; lastKnownFileType = sourcecode.swift; path = MostPopularMovieViewModel.swift; sourceTree = "<group>"; };
		7F3A0EBA839A30079EE18DCC /* Pods_TheMovieApp.framework */ = {isa = PBXFileReference; explicitFileType = wrapper.framework; includeInIndex = 0; path = Pods_TheMovieApp.framework; sourceTree = BUILT_PRODUCTS_DIR; };
		9541DB083D93513383FB455B /* Pods-TheMovieApp.debug.xcconfig */ = {isa = PBXFileReference; includeInIndex = 1; lastKnownFileType = text.xcconfig; name = "Pods-TheMovieApp.debug.xcconfig"; path = "Target Support Files/Pods-TheMovieApp/Pods-TheMovieApp.debug.xcconfig"; sourceTree = "<group>"; };
/* End PBXFileReference section */

/* Begin PBXFrameworksBuildPhase section */
		55FB904C267A9DF0008EF444 /* Frameworks */ = {
			isa = PBXFrameworksBuildPhase;
			buildActionMask = 2147483647;
			files = (
				0B82FD1DAB92EB52FAB79FD1 /* Pods_TheMovieApp.framework in Frameworks */,
			);
			runOnlyForDeploymentPostprocessing = 0;
		};
/* End PBXFrameworksBuildPhase section */

/* Begin PBXGroup section */
		55FB9046267A9DF0008EF444 = {
			isa = PBXGroup;
			children = (
				55FB9051267A9DF0008EF444 /* TheMovieApp */,
				55FB9050267A9DF0008EF444 /* Products */,
				56494A788D441FB04CD0FE9E /* Pods */,
				7A4971AE209F1B68D41F5D19 /* Frameworks */,
			);
			sourceTree = "<group>";
		};
		55FB9050267A9DF0008EF444 /* Products */ = {
			isa = PBXGroup;
			children = (
				55FB904F267A9DF0008EF444 /* TheMovieApp.app */,
			);
			name = Products;
			sourceTree = "<group>";
		};
		55FB9051267A9DF0008EF444 /* TheMovieApp */ = {
			isa = PBXGroup;
			children = (
				55FB9067267A9E1D008EF444 /* Features */,
				55FB9066267A9E01008EF444 /* Core */,
				55FB9060267A9DF1008EF444 /* Info.plist */,
			);
			path = TheMovieApp;
			sourceTree = "<group>";
		};
		55FB9066267A9E01008EF444 /* Core */ = {
			isa = PBXGroup;
			children = (
				55FB9058267A9DF0008EF444 /* Main.storyboard */,
				55FB9054267A9DF0008EF444 /* SceneDelegate.swift */,
				55FB9056267A9DF0008EF444 /* ViewController.swift */,
				55FB9052267A9DF0008EF444 /* AppDelegate.swift */,
				55FB905D267A9DF1008EF444 /* LaunchScreen.storyboard */,
				55FB905B267A9DF1008EF444 /* Assets.xcassets */,
			);
			path = Core;
			sourceTree = "<group>";
		};
		55FB9067267A9E1D008EF444 /* Features */ = {
			isa = PBXGroup;
			children = (
				55FB906E267A9F9E008EF444 /* Constant */,
				55FB9069267A9E35008EF444 /* Service */,
				55FB9068267A9E24008EF444 /* ServiceModel */,
				55FB9071267AA193008EF444 /* View */,
			);
			path = Features;
			sourceTree = "<group>";
		};
		55FB9068267A9E24008EF444 /* ServiceModel */ = {
			isa = PBXGroup;
			children = (
				55FB906A267A9E57008EF444 /* MostPopularDataModel.swift */,
			);
			path = ServiceModel;
			sourceTree = "<group>";
		};
		55FB9069267A9E35008EF444 /* Service */ = {
			isa = PBXGroup;
			children = (
				55FB906C267A9F8D008EF444 /* MostPopularMovieService.swift */,
			);
			path = Service;
			sourceTree = "<group>";
		};
		55FB906E267A9F9E008EF444 /* Constant */ = {
			isa = PBXGroup;
			children = (
				55FB906F267A9FAE008EF444 /* Constants.swift */,
			);
			path = Constant;
			sourceTree = "<group>";
		};
		55FB9071267AA193008EF444 /* View */ = {
			isa = PBXGroup;
			children = (
				55FB9074267AA1B0008EF444 /* Controller */,
				55FB9073267AA1AB008EF444 /* Model */,
				55FB9072267AA199008EF444 /* Collection */,
			);
			path = View;
			sourceTree = "<group>";
		};
		55FB9072267AA199008EF444 /* Collection */ = {
			isa = PBXGroup;
			children = (
				55FB9080267AB064008EF444 /* Provider */,
				55FB9075267AA1B6008EF444 /* Cell */,
			);
			path = Collection;
			sourceTree = "<group>";
		};
		55FB9073267AA1AB008EF444 /* Model */ = {
			isa = PBXGroup;
			children = (
				55FB907D267AA8B7008EF444 /* MostPopularMovieViewModel.swift */,
			);
			path = Model;
			sourceTree = "<group>";
		};
		55FB9074267AA1B0008EF444 /* Controller */ = {
			isa = PBXGroup;
			children = (
				55FB9076267AA1E2008EF444 /* MostPopularMovieViewController.swift */,
				55E57D7E267BA685004A1808 /* MovieDetailViewController.swift */,
			);
			path = Controller;
			sourceTree = "<group>";
		};
		55FB9075267AA1B6008EF444 /* Cell */ = {
			isa = PBXGroup;
			children = (
				55FB9078267AA38B008EF444 /* MostPopularCollectionViewCell.swift */,
				55E57D80267BFA7C004A1808 /* VideosCollectionViewCell.swift */,
			);
			path = Cell;
			sourceTree = "<group>";
		};
		55FB9080267AB064008EF444 /* Provider */ = {
			isa = PBXGroup;
			children = (
				55FB907B267AA736008EF444 /* MostPopularMovieCollectionViewProvider.swift */,
			);
			path = Provider;
			sourceTree = "<group>";
		};
		56494A788D441FB04CD0FE9E /* Pods */ = {
			isa = PBXGroup;
			children = (
				9541DB083D93513383FB455B /* Pods-TheMovieApp.debug.xcconfig */,
				05C653D652E5D350501907E1 /* Pods-TheMovieApp.release.xcconfig */,
			);
			path = Pods;
			sourceTree = "<group>";
		};
		7A4971AE209F1B68D41F5D19 /* Frameworks */ = {
			isa = PBXGroup;
			children = (
				7F3A0EBA839A30079EE18DCC /* Pods_TheMovieApp.framework */,
			);
			name = Frameworks;
			sourceTree = "<group>";
		};
/* End PBXGroup section */

/* Begin PBXNativeTarget section */
		55FB904E267A9DF0008EF444 /* TheMovieApp */ = {
			isa = PBXNativeTarget;
			buildConfigurationList = 55FB9063267A9DF1008EF444 /* Build configuration list for PBXNativeTarget "TheMovieApp" */;
			buildPhases = (
				96D8E5783E55961483F8E236 /* [CP] Check Pods Manifest.lock */,
				55FB904B267A9DF0008EF444 /* Sources */,
				55FB904C267A9DF0008EF444 /* Frameworks */,
				55FB904D267A9DF0008EF444 /* Resources */,
				F78573FFD5BAC3BD5747662F /* [CP] Embed Pods Frameworks */,
			);
			buildRules = (
			);
			dependencies = (
			);
			name = TheMovieApp;
			productName = TheMovieApp;
			productReference = 55FB904F267A9DF0008EF444 /* TheMovieApp.app */;
			productType = "com.apple.product-type.application";
		};
/* End PBXNativeTarget section */

/* Begin PBXProject section */
		55FB9047267A9DF0008EF444 /* Project object */ = {
			isa = PBXProject;
			attributes = {
				LastSwiftUpdateCheck = 1250;
				LastUpgradeCheck = 1250;
				TargetAttributes = {
					55FB904E267A9DF0008EF444 = {
						CreatedOnToolsVersion = 12.5;
					};
				};
			};
			buildConfigurationList = 55FB904A267A9DF0008EF444 /* Build configuration list for PBXProject "TheMovieApp" */;
			compatibilityVersion = "Xcode 9.3";
			developmentRegion = en;
			hasScannedForEncodings = 0;
			knownRegions = (
				en,
				Base,
			);
			mainGroup = 55FB9046267A9DF0008EF444;
			productRefGroup = 55FB9050267A9DF0008EF444 /* Products */;
			projectDirPath = "";
			projectRoot = "";
			targets = (
				55FB904E267A9DF0008EF444 /* TheMovieApp */,
			);
		};
/* End PBXProject section */

/* Begin PBXResourcesBuildPhase section */
		55FB904D267A9DF0008EF444 /* Resources */ = {
			isa = PBXResourcesBuildPhase;
			buildActionMask = 2147483647;
			files = (
				55FB905F267A9DF1008EF444 /* LaunchScreen.storyboard in Resources */,
				55FB905C267A9DF1008EF444 /* Assets.xcassets in Resources */,
				55FB905A267A9DF0008EF444 /* Main.storyboard in Resources */,
			);
			runOnlyForDeploymentPostprocessing = 0;
		};
/* End PBXResourcesBuildPhase section */

/* Begin PBXShellScriptBuildPhase section */
		96D8E5783E55961483F8E236 /* [CP] Check Pods Manifest.lock */ = {
			isa = PBXShellScriptBuildPhase;
			buildActionMask = 2147483647;
			files = (
			);
			inputFileListPaths = (
			);
			inputPaths = (
				"${PODS_PODFILE_DIR_PATH}/Podfile.lock",
				"${PODS_ROOT}/Manifest.lock",
			);
			name = "[CP] Check Pods Manifest.lock";
			outputFileListPaths = (
			);
			outputPaths = (
				"$(DERIVED_FILE_DIR)/Pods-TheMovieApp-checkManifestLockResult.txt",
			);
			runOnlyForDeploymentPostprocessing = 0;
			shellPath = /bin/sh;
			shellScript = "diff \"${PODS_PODFILE_DIR_PATH}/Podfile.lock\" \"${PODS_ROOT}/Manifest.lock\" > /dev/null\nif [ $? != 0 ] ; then\n    # print error to STDERR\n    echo \"error: The sandbox is not in sync with the Podfile.lock. Run 'pod install' or update your CocoaPods installation.\" >&2\n    exit 1\nfi\n# This output is used by Xcode 'outputs' to avoid re-running this script phase.\necho \"SUCCESS\" > \"${SCRIPT_OUTPUT_FILE_0}\"\n";
			showEnvVarsInLog = 0;
		};
		F78573FFD5BAC3BD5747662F /* [CP] Embed Pods Frameworks */ = {
			isa = PBXShellScriptBuildPhase;
			buildActionMask = 2147483647;
			files = (
			);
			inputFileListPaths = (
				"${PODS_ROOT}/Target Support Files/Pods-TheMovieApp/Pods-TheMovieApp-frameworks-${CONFIGURATION}-input-files.xcfilelist",
			);
			name = "[CP] Embed Pods Frameworks";
			outputFileListPaths = (
				"${PODS_ROOT}/Target Support Files/Pods-TheMovieApp/Pods-TheMovieApp-frameworks-${CONFIGURATION}-output-files.xcfilelist",
			);
			runOnlyForDeploymentPostprocessing = 0;
			shellPath = /bin/sh;
			shellScript = "\"${PODS_ROOT}/Target Support Files/Pods-TheMovieApp/Pods-TheMovieApp-frameworks.sh\"\n";
			showEnvVarsInLog = 0;
		};
/* End PBXShellScriptBuildPhase section */

/* Begin PBXSourcesBuildPhase section */
		55FB904B267A9DF0008EF444 /* Sources */ = {
			isa = PBXSourcesBuildPhase;
			buildActionMask = 2147483647;
			files = (
				55FB9057267A9DF0008EF444 /* ViewController.swift in Sources */,
				55FB9077267AA1E2008EF444 /* MostPopularMovieViewController.swift in Sources */,
				55FB906D267A9F8D008EF444 /* MostPopularMovieService.swift in Sources */,
				55FB9079267AA38B008EF444 /* MostPopularCollectionViewCell.swift in Sources */,
				55FB9053267A9DF0008EF444 /* AppDelegate.swift in Sources */,
				55FB906B267A9E57008EF444 /* MostPopularDataModel.swift in Sources */,
				55FB907E267AA8B7008EF444 /* MostPopularMovieViewModel.swift in Sources */,
				55FB9055267A9DF0008EF444 /* SceneDelegate.swift in Sources */,
				55FB907C267AA736008EF444 /* MostPopularMovieCollectionViewProvider.swift in Sources */,
				55E57D7F267BA685004A1808 /* MovieDetailViewController.swift in Sources */,
				55E57D81267BFA7C004A1808 /* VideosCollectionViewCell.swift in Sources */,
				55FB9070267A9FAE008EF444 /* Constants.swift in Sources */,
			);
			runOnlyForDeploymentPostprocessing = 0;
		};
/* End PBXSourcesBuildPhase section */

/* Begin PBXVariantGroup section */
		55FB9058267A9DF0008EF444 /* Main.storyboard */ = {
			isa = PBXVariantGroup;
			children = (
				55FB9059267A9DF0008EF444 /* Base */,
			);
			name = Main.storyboard;
			sourceTree = "<group>";
		};
		55FB905D267A9DF1008EF444 /* LaunchScreen.storyboard */ = {
			isa = PBXVariantGroup;
			children = (
				55FB905E267A9DF1008EF444 /* Base */,
			);
			name = LaunchScreen.storyboard;
			sourceTree = "<group>";
		};
/* End PBXVariantGroup section */

/* Begin XCBuildConfiguration section */
		55FB9061267A9DF1008EF444 /* Debug */ = {
			isa = XCBuildConfiguration;
			buildSettings = {
				ALWAYS_SEARCH_USER_PATHS = NO;
				CLANG_ANALYZER_NONNULL = YES;
				CLANG_ANALYZER_NUMBER_OBJECT_CONVERSION = YES_AGGRESSIVE;
				CLANG_CXX_LANGUAGE_STANDARD = "gnu++14";
				CLANG_CXX_LIBRARY = "libc++";
				CLANG_ENABLE_MODULES = YES;
				CLANG_ENABLE_OBJC_ARC = YES;
				CLANG_ENABLE_OBJC_WEAK = YES;
				CLANG_WARN_BLOCK_CAPTURE_AUTORELEASING = YES;
				CLANG_WARN_BOOL_CONVERSION = YES;
				CLANG_WARN_COMMA = YES;
				CLANG_WARN_CONSTANT_CONVERSION = YES;
				CLANG_WARN_DEPRECATED_OBJC_IMPLEMENTATIONS = YES;
				CLANG_WARN_DIRECT_OBJC_ISA_USAGE = YES_ERROR;
				CLANG_WARN_DOCUMENTATION_COMMENTS = YES;
				CLANG_WARN_EMPTY_BODY = YES;
				CLANG_WARN_ENUM_CONVERSION = YES;
				CLANG_WARN_INFINITE_RECURSION = YES;
				CLANG_WARN_INT_CONVERSION = YES;
				CLANG_WARN_NON_LITERAL_NULL_CONVERSION = YES;
				CLANG_WARN_OBJC_IMPLICIT_RETAIN_SELF = YES;
				CLANG_WARN_OBJC_LITERAL_CONVERSION = YES;
				CLANG_WARN_OBJC_ROOT_CLASS = YES_ERROR;
				CLANG_WARN_QUOTED_INCLUDE_IN_FRAMEWORK_HEADER = YES;
				CLANG_WARN_RANGE_LOOP_ANALYSIS = YES;
				CLANG_WARN_STRICT_PROTOTYPES = YES;
				CLANG_WARN_SUSPICIOUS_MOVE = YES;
				CLANG_WARN_UNGUARDED_AVAILABILITY = YES_AGGRESSIVE;
				CLANG_WARN_UNREACHABLE_CODE = YES;
				CLANG_WARN__DUPLICATE_METHOD_MATCH = YES;
				COPY_PHASE_STRIP = NO;
				DEBUG_INFORMATION_FORMAT = dwarf;
				ENABLE_STRICT_OBJC_MSGSEND = YES;
				ENABLE_TESTABILITY = YES;
				GCC_C_LANGUAGE_STANDARD = gnu11;
				GCC_DYNAMIC_NO_PIC = NO;
				GCC_NO_COMMON_BLOCKS = YES;
				GCC_OPTIMIZATION_LEVEL = 0;
				GCC_PREPROCESSOR_DEFINITIONS = (
					"DEBUG=1",
					"$(inherited)",
				);
				GCC_WARN_64_TO_32_BIT_CONVERSION = YES;
				GCC_WARN_ABOUT_RETURN_TYPE = YES_ERROR;
				GCC_WARN_UNDECLARED_SELECTOR = YES;
				GCC_WARN_UNINITIALIZED_AUTOS = YES_AGGRESSIVE;
				GCC_WARN_UNUSED_FUNCTION = YES;
				GCC_WARN_UNUSED_VARIABLE = YES;
				IPHONEOS_DEPLOYMENT_TARGET = 14.5;
				MTL_ENABLE_DEBUG_INFO = INCLUDE_SOURCE;
				MTL_FAST_MATH = YES;
				ONLY_ACTIVE_ARCH = YES;
				SDKROOT = iphoneos;
				SWIFT_ACTIVE_COMPILATION_CONDITIONS = DEBUG;
				SWIFT_OPTIMIZATION_LEVEL = "-Onone";
			};
			name = Debug;
		};
		55FB9062267A9DF1008EF444 /* Release */ = {
			isa = XCBuildConfiguration;
			buildSettings = {
				ALWAYS_SEARCH_USER_PATHS = NO;
				CLANG_ANALYZER_NONNULL = YES;
				CLANG_ANALYZER_NUMBER_OBJECT_CONVERSION = YES_AGGRESSIVE;
				CLANG_CXX_LANGUAGE_STANDARD = "gnu++14";
				CLANG_CXX_LIBRARY = "libc++";
				CLANG_ENABLE_MODULES = YES;
				CLANG_ENABLE_OBJC_ARC = YES;
				CLANG_ENABLE_OBJC_WEAK = YES;
				CLANG_WARN_BLOCK_CAPTURE_AUTORELEASING = YES;
				CLANG_WARN_BOOL_CONVERSION = YES;
				CLANG_WARN_COMMA = YES;
				CLANG_WARN_CONSTANT_CONVERSION = YES;
				CLANG_WARN_DEPRECATED_OBJC_IMPLEMENTATIONS = YES;
				CLANG_WARN_DIRECT_OBJC_ISA_USAGE = YES_ERROR;
				CLANG_WARN_DOCUMENTATION_COMMENTS = YES;
				CLANG_WARN_EMPTY_BODY = YES;
				CLANG_WARN_ENUM_CONVERSION = YES;
				CLANG_WARN_INFINITE_RECURSION = YES;
				CLANG_WARN_INT_CONVERSION = YES;
				CLANG_WARN_NON_LITERAL_NULL_CONVERSION = YES;
				CLANG_WARN_OBJC_IMPLICIT_RETAIN_SELF = YES;
				CLANG_WARN_OBJC_LITERAL_CONVERSION = YES;
				CLANG_WARN_OBJC_ROOT_CLASS = YES_ERROR;
				CLANG_WARN_QUOTED_INCLUDE_IN_FRAMEWORK_HEADER = YES;
				CLANG_WARN_RANGE_LOOP_ANALYSIS = YES;
				CLANG_WARN_STRICT_PROTOTYPES = YES;
				CLANG_WARN_SUSPICIOUS_MOVE = YES;
				CLANG_WARN_UNGUARDED_AVAILABILITY = YES_AGGRESSIVE;
				CLANG_WARN_UNREACHABLE_CODE = YES;
				CLANG_WARN__DUPLICATE_METHOD_MATCH = YES;
				COPY_PHASE_STRIP = NO;
				DEBUG_INFORMATION_FORMAT = "dwarf-with-dsym";
				ENABLE_NS_ASSERTIONS = NO;
				ENABLE_STRICT_OBJC_MSGSEND = YES;
				GCC_C_LANGUAGE_STANDARD = gnu11;
				GCC_NO_COMMON_BLOCKS = YES;
				GCC_WARN_64_TO_32_BIT_CONVERSION = YES;
				GCC_WARN_ABOUT_RETURN_TYPE = YES_ERROR;
				GCC_WARN_UNDECLARED_SELECTOR = YES;
				GCC_WARN_UNINITIALIZED_AUTOS = YES_AGGRESSIVE;
				GCC_WARN_UNUSED_FUNCTION = YES;
				GCC_WARN_UNUSED_VARIABLE = YES;
				IPHONEOS_DEPLOYMENT_TARGET = 14.5;
				MTL_ENABLE_DEBUG_INFO = NO;
				MTL_FAST_MATH = YES;
				SDKROOT = iphoneos;
				SWIFT_COMPILATION_MODE = wholemodule;
				SWIFT_OPTIMIZATION_LEVEL = "-O";
				VALIDATE_PRODUCT = YES;
			};
			name = Release;
		};
		55FB9064267A9DF1008EF444 /* Debug */ = {
			isa = XCBuildConfiguration;
			baseConfigurationReference = 9541DB083D93513383FB455B /* Pods-TheMovieApp.debug.xcconfig */;
			buildSettings = {
				ASSETCATALOG_COMPILER_APPICON_NAME = AppIcon;
				ASSETCATALOG_COMPILER_GLOBAL_ACCENT_COLOR_NAME = AccentColor;
				CODE_SIGN_STYLE = Automatic;
				DEVELOPMENT_TEAM = UTN2596CAS;
				INFOPLIST_FILE = TheMovieApp/Info.plist;
				LD_RUNPATH_SEARCH_PATHS = (
					"$(inherited)",
					"@executable_path/Frameworks",
				);
				PRODUCT_BUNDLE_IDENTIFIER = brsrld.TheMovieApp;
				PRODUCT_NAME = "$(TARGET_NAME)";
				SWIFT_VERSION = 5.0;
				TARGETED_DEVICE_FAMILY = "1,2";
			};
			name = Debug;
		};
		55FB9065267A9DF1008EF444 /* Release */ = {
			isa = XCBuildConfiguration;
			baseConfigurationReference = 05C653D652E5D350501907E1 /* Pods-TheMovieApp.release.xcconfig */;
			buildSettings = {
				ASSETCATALOG_COMPILER_APPICON_NAME = AppIcon;
				ASSETCATALOG_COMPILER_GLOBAL_ACCENT_COLOR_NAME = AccentColor;
				CODE_SIGN_STYLE = Automatic;
				DEVELOPMENT_TEAM = UTN2596CAS;
				INFOPLIST_FILE = TheMovieApp/Info.plist;
				LD_RUNPATH_SEARCH_PATHS = (
					"$(inherited)",
					"@executable_path/Frameworks",
				);
				PRODUCT_BUNDLE_IDENTIFIER = brsrld.TheMovieApp;
				PRODUCT_NAME = "$(TARGET_NAME)";
				SWIFT_VERSION = 5.0;
				TARGETED_DEVICE_FAMILY = "1,2";
			};
			name = Release;
		};
/* End XCBuildConfiguration section */

/* Begin XCConfigurationList section */
		55FB904A267A9DF0008EF444 /* Build configuration list for PBXProject "TheMovieApp" */ = {
			isa = XCConfigurationList;
			buildConfigurations = (
				55FB9061267A9DF1008EF444 /* Debug */,
				55FB9062267A9DF1008EF444 /* Release */,
			);
			defaultConfigurationIsVisible = 0;
			defaultConfigurationName = Release;
		};
		55FB9063267A9DF1008EF444 /* Build configuration list for PBXNativeTarget "TheMovieApp" */ = {
			isa = XCConfigurationList;
			buildConfigurations = (
				55FB9064267A9DF1008EF444 /* Debug */,
				55FB9065267A9DF1008EF444 /* Release */,
			);
			defaultConfigurationIsVisible = 0;
			defaultConfigurationName = Release;
		};
/* End XCConfigurationList section */
	};
	rootObject = 55FB9047267A9DF0008EF444 /* Project object */;
}
